
Microsoft Visual Studio Solution File, Format Version 12.00
# Visual Studio Version 17
VisualStudioVersion = 17.5.33424.131
MinimumVisualStudioVersion = 10.0.40219.1
Project("{FAE04EC0-301F-11D3-BF4B-00C04F79EFBC}") = "gitt", "gitt.csproj", "{79EEAA13-F8C4-4E30-A5F8-8E0A03505025}"
EndProject
Global
	GlobalSection(SolutionConfigurationPlatforms) = preSolution
		Debug|Any CPU = Debug|Any CPU
		Release|Any CPU = Release|Any CPU
	EndGlobalSection
	GlobalSection(ProjectConfigurationPlatforms) = postSolution
		{79EEAA13-F8C4-4E30-A5F8-8E0A03505025}.Debug|Any CPU.ActiveCfg = Debug|Any CPU
		{79EEAA13-F8C4-4E30-A5F8-8E0A03505025}.Debug|Any CPU.Build.0 = Debug|Any CPU
		{79EEAA13-F8C4-4E30-A5F8-8E0A03505025}.Release|Any CPU.ActiveCfg = Release|Any CPU
		{79EEAA13-F8C4-4E30-A5F8-8E0A03505025}.Release|Any CPU.Build.0 = Release|Any CPU
	EndGlobalSection
	GlobalSection(SolutionProperties) = preSolution
		HideSolutionNode = FALSE
	EndGlobalSection
	GlobalSection(ExtensibilityGlobals) = postSolution
		SolutionGuid = {D3B817B2-16B7-44B2-8667-C7C8C8BE602A}
	EndGlobalSection
EndGlobal
